// !$*UTF8*$!
{
	archiveVersion = 1;
	classes = {
	};
	objectVersion = 50;
	objects = {

/* Begin PBXBuildFile section */
		3F528AA663B80D4524F27A3A /* Pods_GooglePhotos.framework in Frameworks */ = {isa = PBXBuildFile; fileRef = EFF52B7428573B8DB660CD10 /* Pods_GooglePhotos.framework */; };
		A2CC1D3A225F33C8001C337F /* AppDelegate.swift in Sources */ = {isa = PBXBuildFile; fileRef = A2CC1D39225F33C8001C337F /* AppDelegate.swift */; };
		A2CC1D3C225F33C8001C337F /* ViewController.swift in Sources */ = {isa = PBXBuildFile; fileRef = A2CC1D3B225F33C8001C337F /* ViewController.swift */; };
		A2CC1D3F225F33C8001C337F /* Main.storyboard in Resources */ = {isa = PBXBuildFile; fileRef = A2CC1D3D225F33C8001C337F /* Main.storyboard */; };
		A2CC1D41225F33D4001C337F /* Assets.xcassets in Resources */ = {isa = PBXBuildFile; fileRef = A2CC1D40225F33D4001C337F /* Assets.xcassets */; };
		A2CC1D44225F33D4001C337F /* LaunchScreen.storyboard in Resources */ = {isa = PBXBuildFile; fileRef = A2CC1D42225F33D4001C337F /* LaunchScreen.storyboard */; };
/* End PBXBuildFile section */

/* Begin PBXFileReference section */
		94EE2B3FE742CEDB06264910 /* Pods-GooglePhotos.release.xcconfig */ = {isa = PBXFileReference; includeInIndex = 1; lastKnownFileType = text.xcconfig; name = "Pods-GooglePhotos.release.xcconfig"; path = "Pods/Target Support Files/Pods-GooglePhotos/Pods-GooglePhotos.release.xcconfig"; sourceTree = "<group>"; };
		A2CC1D36225F33C8001C337F /* GooglePhotos.app */ = {isa = PBXFileReference; explicitFileType = wrapper.application; includeInIndex = 0; path = GooglePhotos.app; sourceTree = BUILT_PRODUCTS_DIR; };
		A2CC1D39225F33C8001C337F /* AppDelegate.swift */ = {isa = PBXFileReference; lastKnownFileType = sourcecode.swift; path = AppDelegate.swift; sourceTree = "<group>"; };
		A2CC1D3B225F33C8001C337F /* ViewController.swift */ = {isa = PBXFileReference; lastKnownFileType = sourcecode.swift; path = ViewController.swift; sourceTree = "<group>"; };
		A2CC1D3E225F33C8001C337F /* Base */ = {isa = PBXFileReference; lastKnownFileType = file.storyboard; name = Base; path = Base.lproj/Main.storyboard; sourceTree = "<group>"; };
		A2CC1D40225F33D4001C337F /* Assets.xcassets */ = {isa = PBXFileReference; lastKnownFileType = folder.assetcatalog; path = Assets.xcassets; sourceTree = "<group>"; };
		A2CC1D43225F33D4001C337F /* Base */ = {isa = PBXFileReference; lastKnownFileType = file.storyboard; name = Base; path = Base.lproj/LaunchScreen.storyboard; sourceTree = "<group>"; };
		A2CC1D45225F33D4001C337F /* Info.plist */ = {isa = PBXFileReference; lastKnownFileType = text.plist.xml; path = Info.plist; sourceTree = "<group>"; };
		EFF52B7428573B8DB660CD10 /* Pods_GooglePhotos.framework */ = {isa = PBXFileReference; explicitFileType = wrapper.framework; includeInIndex = 0; path = Pods_GooglePhotos.framework; sourceTree = BUILT_PRODUCTS_DIR; };
		FB8AF7A8D0673D3094E668DC /* Pods-GooglePhotos.debug.xcconfig */ = {isa = PBXFileReference; includeInIndex = 1; lastKnownFileType = text.xcconfig; name = "Pods-GooglePhotos.debug.xcconfig"; path = "Pods/Target Support Files/Pods-GooglePhotos/Pods-GooglePhotos.debug.xcconfig"; sourceTree = "<group>"; };
/* End PBXFileReference section */

/* Begin PBXFrameworksBuildPhase section */
		A2CC1D33225F33C8001C337F /* Frameworks */ = {
			isa = PBXFrameworksBuildPhase;
			buildActionMask = 2147483647;
			files = (
				3F528AA663B80D4524F27A3A /* Pods_GooglePhotos.framework in Frameworks */,
			);
			runOnlyForDeploymentPostprocessing = 0;
		};
/* End PBXFrameworksBuildPhase section */

/* Begin PBXGroup section */
		38F52F5F60E65767F1EFB537 /* Frameworks */ = {
			isa = PBXGroup;
			children = (
				EFF52B7428573B8DB660CD10 /* Pods_GooglePhotos.framework */,
			);
			name = Frameworks;
			sourceTree = "<group>";
		};
		A2CC1D2D225F33C8001C337F = {
			isa = PBXGroup;
			children = (
				A2CC1D38225F33C8001C337F /* GooglePhotos */,
				A2CC1D37225F33C8001C337F /* Products */,
				AC6AF1EEA706D0BBDE513B81 /* Pods */,
				38F52F5F60E65767F1EFB537 /* Frameworks */,
			);
			sourceTree = "<group>";
		};
		A2CC1D37225F33C8001C337F /* Products */ = {
			isa = PBXGroup;
			children = (
				A2CC1D36225F33C8001C337F /* GooglePhotos.app */,
			);
			name = Products;
			sourceTree = "<group>";
		};
		A2CC1D38225F33C8001C337F /* GooglePhotos */ = {
			isa = PBXGroup;
			children = (
				A2CC1D39225F33C8001C337F /* AppDelegate.swift */,
				A2CC1D3B225F33C8001C337F /* ViewController.swift */,
				A2CC1D3D225F33C8001C337F /* Main.storyboard */,
				A2CC1D40225F33D4001C337F /* Assets.xcassets */,
				A2CC1D42225F33D4001C337F /* LaunchScreen.storyboard */,
				A2CC1D45225F33D4001C337F /* Info.plist */,
			);
			path = GooglePhotos;
			sourceTree = "<group>";
		};
		AC6AF1EEA706D0BBDE513B81 /* Pods */ = {
			isa = PBXGroup;
			children = (
				FB8AF7A8D0673D3094E668DC /* Pods-GooglePhotos.debug.xcconfig */,
				94EE2B3FE742CEDB06264910 /* Pods-GooglePhotos.release.xcconfig */,
			);
			name = Pods;
			sourceTree = "<group>";
		};
/* End PBXGroup section */

/* Begin PBXNativeTarget section */
		A2CC1D35225F33C8001C337F /* GooglePhotos */ = {
			isa = PBXNativeTarget;
			buildConfigurationList = A2CC1D48225F33D4001C337F /* Build configuration list for PBXNativeTarget "GooglePhotos" */;
			buildPhases = (
				8CE8E9750739C26B758FAC09 /* [CP] Check Pods Manifest.lock */,
				A2CC1D32225F33C8001C337F /* Sources */,
				A2CC1D33225F33C8001C337F /* Frameworks */,
				A2CC1D34225F33C8001C337F /* Resources */,
				06E29359E202736F0D8513E1 /* [CP] Embed Pods Frameworks */,
				AA9ABA840683BDA652B5C007 /* [CP] Copy Pods Resources */,
			);
			buildRules = (
			);
			dependencies = (
			);
			name = GooglePhotos;
			productName = GooglePhotos;
			productReference = A2CC1D36225F33C8001C337F /* GooglePhotos.app */;
			productType = "com.apple.product-type.application";
		};
/* End PBXNativeTarget section */

/* Begin PBXProject section */
		A2CC1D2E225F33C8001C337F /* Project object */ = {
			isa = PBXProject;
			attributes = {
				LastSwiftUpdateCheck = 1010;
				LastUpgradeCheck = 1010;
				ORGANIZATIONNAME = HardikDabhi;
				TargetAttributes = {
					A2CC1D35225F33C8001C337F = {
						CreatedOnToolsVersion = 10.1;
					};
				};
			};
			buildConfigurationList = A2CC1D31225F33C8001C337F /* Build configuration list for PBXProject "GooglePhotos" */;
			compatibilityVersion = "Xcode 9.3";
			developmentRegion = en;
			hasScannedForEncodings = 0;
			knownRegions = (
				en,
				Base,
			);
			mainGroup = A2CC1D2D225F33C8001C337F;
			productRefGroup = A2CC1D37225F33C8001C337F /* Products */;
			projectDirPath = "";
			projectRoot = "";
			targets = (
				A2CC1D35225F33C8001C337F /* GooglePhotos */,
			);
		};
/* End PBXProject section */

/* Begin PBXResourcesBuildPhase section */
		A2CC1D34225F33C8001C337F /* Resources */ = {
			isa = PBXResourcesBuildPhase;
			buildActionMask = 2147483647;
			files = (
				A2CC1D44225F33D4001C337F /* LaunchScreen.storyboard in Resources */,
				A2CC1D41225F33D4001C337F /* Assets.xcassets in Resources */,
				A2CC1D3F225F33C8001C337F /* Main.storyboard in Resources */,
			);
			runOnlyForDeploymentPostprocessing = 0;
		};
/* End PBXResourcesBuildPhase section */

/* Begin PBXShellScriptBuildPhase section */
		06E29359E202736F0D8513E1 /* [CP] Embed Pods Frameworks */ = {
			isa = PBXShellScriptBuildPhase;
			buildActionMask = 2147483647;
			files = (
			);
			inputPaths = (
				"${SRCROOT}/Pods/Target Support Files/Pods-GooglePhotos/Pods-GooglePhotos-frameworks.sh",
				"${BUILT_PRODUCTS_DIR}/GTMSessionFetcher/GTMSessionFetcher.framework",
				"${BUILT_PRODUCTS_DIR}/GoogleToolboxForMac/GoogleToolboxForMac.framework",
			);
			name = "[CP] Embed Pods Frameworks";
			outputPaths = (
				"${TARGET_BUILD_DIR}/${FRAMEWORKS_FOLDER_PATH}/GTMSessionFetcher.framework",
				"${TARGET_BUILD_DIR}/${FRAMEWORKS_FOLDER_PATH}/GoogleToolboxForMac.framework",
			);
			runOnlyForDeploymentPostprocessing = 0;
			shellPath = /bin/sh;
			shellScript = "\"${SRCROOT}/Pods/Target Support Files/Pods-GooglePhotos/Pods-GooglePhotos-frameworks.sh\"\n";
			showEnvVarsInLog = 0;
		};
		8CE8E9750739C26B758FAC09 /* [CP] Check Pods Manifest.lock */ = {
			isa = PBXShellScriptBuildPhase;
			buildActionMask = 2147483647;
			files = (
			);
			inputPaths = (
				"${PODS_PODFILE_DIR_PATH}/Podfile.lock",
				"${PODS_ROOT}/Manifest.lock",
			);
			name = "[CP] Check Pods Manifest.lock";
			outputPaths = (
				"$(DERIVED_FILE_DIR)/Pods-GooglePhotos-checkManifestLockResult.txt",
			);
			runOnlyForDeploymentPostprocessing = 0;
			shellPath = /bin/sh;
			shellScript = "diff \"${PODS_PODFILE_DIR_PATH}/Podfile.lock\" \"${PODS_ROOT}/Manifest.lock\" > /dev/null\nif [ $? != 0 ] ; then\n    # print error to STDERR\n    echo \"error: The sandbox is not in sync with the Podfile.lock. Run 'pod install' or update your CocoaPods installation.\" >&2\n    exit 1\nfi\n# This output is used by Xcode 'outputs' to avoid re-running this script phase.\necho \"SUCCESS\" > \"${SCRIPT_OUTPUT_FILE_0}\"\n";
			showEnvVarsInLog = 0;
		};
		AA9ABA840683BDA652B5C007 /* [CP] Copy Pods Resources */ = {
			isa = PBXShellScriptBuildPhase;
			buildActionMask = 2147483647;
			files = (
			);
			inputPaths = (
				"${SRCROOT}/Pods/Target Support Files/Pods-GooglePhotos/Pods-GooglePhotos-resources.sh",
				"${PODS_ROOT}/GoogleSignIn/Resources/GoogleSignIn.bundle",
			);
			name = "[CP] Copy Pods Resources";
			outputPaths = (
				"${TARGET_BUILD_DIR}/${UNLOCALIZED_RESOURCES_FOLDER_PATH}/GoogleSignIn.bundle",
			);
			runOnlyForDeploymentPostprocessing = 0;
			shellPath = /bin/sh;
			shellScript = "\"${SRCROOT}/Pods/Target Support Files/Pods-GooglePhotos/Pods-GooglePhotos-resources.sh\"\n";
			showEnvVarsInLog = 0;
		};
/* End PBXShellScriptBuildPhase section */

/* Begin PBXSourcesBuildPhase section */
		A2CC1D32225F33C8001C337F /* Sources */ = {
			isa = PBXSourcesBuildPhase;
			buildActionMask = 2147483647;
			files = (
				A2CC1D3C225F33C8001C337F /* ViewController.swift in Sources */,
				A2CC1D3A225F33C8001C337F /* AppDelegate.swift in Sources */,
			);
			runOnlyForDeploymentPostprocessing = 0;
		};
/* End PBXSourcesBuildPhase section */

/* Begin PBXVariantGroup section */
		A2CC1D3D225F33C8001C337F /* Main.storyboard */ = {
			isa = PBXVariantGroup;
			children = (
				A2CC1D3E225F33C8001C337F /* Base */,
			);
			name = Main.storyboard;
			sourceTree = "<group>";
		};
		A2CC1D42225F33D4001C337F /* LaunchScreen.storyboard */ = {
			isa = PBXVariantGroup;
			children = (
				A2CC1D43225F33D4001C337F /* Base */,
			);
			name = LaunchScreen.storyboard;
			sourceTree = "<group>";
		};
/* End PBXVariantGroup section */

/* Begin XCBuildConfiguration section */
		A2CC1D46225F33D4001C337F /* Debug */ = {
			isa = XCBuildConfiguration;
			buildSettings = {
				ALWAYS_SEARCH_USER_PATHS = NO;
				CLANG_ANALYZER_NONNULL = YES;
				CLANG_ANALYZER_NUMBER_OBJECT_CONVERSION = YES_AGGRESSIVE;
				CLANG_CXX_LANGUAGE_STANDARD = "gnu++14";
				CLANG_CXX_LIBRARY = "libc++";
				CLANG_ENABLE_MODULES = YES;
				CLANG_ENABLE_OBJC_ARC = YES;
				CLANG_ENABLE_OBJC_WEAK = YES;
				CLANG_WARN_BLOCK_CAPTURE_AUTORELEASING = YES;
				CLANG_WARN_BOOL_CONVERSION = YES;
				CLANG_WARN_COMMA = YES;
				CLANG_WARN_CONSTANT_CONVERSION = YES;
				CLANG_WARN_DEPRECATED_OBJC_IMPLEMENTATIONS = YES;
				CLANG_WARN_DIRECT_OBJC_ISA_USAGE = YES_ERROR;
				CLANG_WARN_DOCUMENTATION_COMMENTS = YES;
				CLANG_WARN_EMPTY_BODY = YES;
				CLANG_WARN_ENUM_CONVERSION = YES;
				CLANG_WARN_INFINITE_RECURSION = YES;
				CLANG_WARN_INT_CONVERSION = YES;
				CLANG_WARN_NON_LITERAL_NULL_CONVERSION = YES;
				CLANG_WARN_OBJC_IMPLICIT_RETAIN_SELF = YES;
				CLANG_WARN_OBJC_LITERAL_CONVERSION = YES;
				CLANG_WARN_OBJC_ROOT_CLASS = YES_ERROR;
				CLANG_WARN_RANGE_LOOP_ANALYSIS = YES;
				CLANG_WARN_STRICT_PROTOTYPES = YES;
				CLANG_WARN_SUSPICIOUS_MOVE = YES;
				CLANG_WARN_UNGUARDED_AVAILABILITY = YES_AGGRESSIVE;
				CLANG_WARN_UNREACHABLE_CODE = YES;
				CLANG_WARN__DUPLICATE_METHOD_MATCH = YES;
				CODE_SIGN_IDENTITY = "iPhone Developer";
				COPY_PHASE_STRIP = NO;
				DEBUG_INFORMATION_FORMAT = dwarf;
				ENABLE_STRICT_OBJC_MSGSEND = YES;
				ENABLE_TESTABILITY = YES;
				GCC_C_LANGUAGE_STANDARD = gnu11;
				GCC_DYNAMIC_NO_PIC = NO;
				GCC_NO_COMMON_BLOCKS = YES;
				GCC_OPTIMIZATION_LEVEL = 0;
				GCC_PREPROCESSOR_DEFINITIONS = (
					"DEBUG=1",
					"$(inherited)",
				);
				GCC_WARN_64_TO_32_BIT_CONVERSION = YES;
				GCC_WARN_ABOUT_RETURN_TYPE = YES_ERROR;
				GCC_WARN_UNDECLARED_SELECTOR = YES;
				GCC_WARN_UNINITIALIZED_AUTOS = YES_AGGRESSIVE;
				GCC_WARN_UNUSED_FUNCTION = YES;
				GCC_WARN_UNUSED_VARIABLE = YES;
				IPHONEOS_DEPLOYMENT_TARGET = 12.1;
				MTL_ENABLE_DEBUG_INFO = INCLUDE_SOURCE;
				MTL_FAST_MATH = YES;
				ONLY_ACTIVE_ARCH = YES;
				SDKROOT = iphoneos;
				SWIFT_ACTIVE_COMPILATION_CONDITIONS = DEBUG;
				SWIFT_OPTIMIZATION_LEVEL = "-Onone";
			};
			name = Debug;
		};
		A2CC1D47225F33D4001C337F /* Release */ = {
			isa = XCBuildConfiguration;
			buildSettings = {
				ALWAYS_SEARCH_USER_PATHS = NO;
				CLANG_ANALYZER_NONNULL = YES;
				CLANG_ANALYZER_NUMBER_OBJECT_CONVERSION = YES_AGGRESSIVE;
				CLANG_CXX_LANGUAGE_STANDARD = "gnu++14";
				CLANG_CXX_LIBRARY = "libc++";
				CLANG_ENABLE_MODULES = YES;
				CLANG_ENABLE_OBJC_ARC = YES;
				CLANG_ENABLE_OBJC_WEAK = YES;
				CLANG_WARN_BLOCK_CAPTURE_AUTORELEASING = YES;
				CLANG_WARN_BOOL_CONVERSION = YES;
				CLANG_WARN_COMMA = YES;
				CLANG_WARN_CONSTANT_CONVERSION = YES;
				CLANG_WARN_DEPRECATED_OBJC_IMPLEMENTATIONS = YES;
				CLANG_WARN_DIRECT_OBJC_ISA_USAGE = YES_ERROR;
				CLANG_WARN_DOCUMENTATION_COMMENTS = YES;
				CLANG_WARN_EMPTY_BODY = YES;
				CLANG_WARN_ENUM_CONVERSION = YES;
				CLANG_WARN_INFINITE_RECURSION = YES;
				CLANG_WARN_INT_CONVERSION = YES;
				CLANG_WARN_NON_LITERAL_NULL_CONVERSION = YES;
				CLANG_WARN_OBJC_IMPLICIT_RETAIN_SELF = YES;
				CLANG_WARN_OBJC_LITERAL_CONVERSION = YES;
				CLANG_WARN_OBJC_ROOT_CLASS = YES_ERROR;
				CLANG_WARN_RANGE_LOOP_ANALYSIS = YES;
				CLANG_WARN_STRICT_PROTOTYPES = YES;
				CLANG_WARN_SUSPICIOUS_MOVE = YES;
				CLANG_WARN_UNGUARDED_AVAILABILITY = YES_AGGRESSIVE;
				CLANG_WARN_UNREACHABLE_CODE = YES;
				CLANG_WARN__DUPLICATE_METHOD_MATCH = YES;
				CODE_SIGN_IDENTITY = "iPhone Developer";
				COPY_PHASE_STRIP = NO;
				DEBUG_INFORMATION_FORMAT = "dwarf-with-dsym";
				ENABLE_NS_ASSERTIONS = NO;
				ENABLE_STRICT_OBJC_MSGSEND = YES;
				GCC_C_LANGUAGE_STANDARD = gnu11;
				GCC_NO_COMMON_BLOCKS = YES;
				GCC_WARN_64_TO_32_BIT_CONVERSION = YES;
				GCC_WARN_ABOUT_RETURN_TYPE = YES_ERROR;
				GCC_WARN_UNDECLARED_SELECTOR = YES;
				GCC_WARN_UNINITIALIZED_AUTOS = YES_AGGRESSIVE;
				GCC_WARN_UNUSED_FUNCTION = YES;
				GCC_WARN_UNUSED_VARIABLE = YES;
				IPHONEOS_DEPLOYMENT_TARGET = 12.1;
				MTL_ENABLE_DEBUG_INFO = NO;
				MTL_FAST_MATH = YES;
				SDKROOT = iphoneos;
				SWIFT_COMPILATION_MODE = wholemodule;
				SWIFT_OPTIMIZATION_LEVEL = "-O";
				VALIDATE_PRODUCT = YES;
			};
			name = Release;
		};
		A2CC1D49225F33D4001C337F /* Debug */ = {
			isa = XCBuildConfiguration;
			baseConfigurationReference = FB8AF7A8D0673D3094E668DC /* Pods-GooglePhotos.debug.xcconfig */;
			buildSettings = {
				ASSETCATALOG_COMPILER_APPICON_NAME = AppIcon;
				CODE_SIGN_STYLE = Automatic;
				DEVELOPMENT_TEAM = EJRH7C39D5;
				INFOPLIST_FILE = GooglePhotos/Info.plist;
				IPHONEOS_DEPLOYMENT_TARGET = 12.0;
				LD_RUNPATH_SEARCH_PATHS = (
					"$(inherited)",
					"@executable_path/Frameworks",
				);
				PRODUCT_BUNDLE_IDENTIFIER = com.GooglePhotos;
				PRODUCT_NAME = "$(TARGET_NAME)";
				SWIFT_VERSION = 4.2;
				TARGETED_DEVICE_FAMILY = "1,2";
			};
			name = Debug;
		};
		A2CC1D4A225F33D4001C337F /* Release */ = {
			isa = XCBuildConfiguration;
			baseConfigurationReference = 94EE2B3FE742CEDB06264910 /* Pods-GooglePhotos.release.xcconfig */;
			buildSettings = {
				ASSETCATALOG_COMPILER_APPICON_NAME = AppIcon;
				CODE_SIGN_STYLE = Automatic;
				DEVELOPMENT_TEAM = EJRH7C39D5;
				INFOPLIST_FILE = GooglePhotos/Info.plist;
				IPHONEOS_DEPLOYMENT_TARGET = 12.0;
				LD_RUNPATH_SEARCH_PATHS = (
					"$(inherited)",
					"@executable_path/Frameworks",
				);
				PRODUCT_BUNDLE_IDENTIFIER = com.GooglePhotos;
				PRODUCT_NAME = "$(TARGET_NAME)";
				SWIFT_VERSION = 4.2;
				TARGETED_DEVICE_FAMILY = "1,2";
			};
			name = Release;
		};
/* End XCBuildConfiguration section */

/* Begin XCConfigurationList section */
		A2CC1D31225F33C8001C337F /* Build configuration list for PBXProject "GooglePhotos" */ = {
			isa = XCConfigurationList;
			buildConfigurations = (
				A2CC1D46225F33D4001C337F /* Debug */,
				A2CC1D47225F33D4001C337F /* Release */,
			);
			defaultConfigurationIsVisible = 0;
			defaultConfigurationName = Release;
		};
		A2CC1D48225F33D4001C337F /* Build configuration list for PBXNativeTarget "GooglePhotos" */ = {
			isa = XCConfigurationList;
			buildConfigurations = (
				A2CC1D49225F33D4001C337F /* Debug */,
				A2CC1D4A225F33D4001C337F /* Release */,
			);
			defaultConfigurationIsVisible = 0;
			defaultConfigurationName = Release;
		};
/* End XCConfigurationList section */
	};
	rootObject = A2CC1D2E225F33C8001C337F /* Project object */;
}
